
Microsoft Visual Studio Solution File, Format Version 12.00
# Visual Studio Version 17
VisualStudioVersion = 17.14.36401.2 d17.14
MinimumVisualStudioVersion = 10.0.40219.1
Project("{FAE04EC0-301F-11D3-BF4B-00C04F79EFBC}") = "blog-api", "blog-api.csproj", "{75D26DAA-767D-44BC-A68E-8CBEBFA3A104}"
EndProject
Global
	GlobalSection(SolutionConfigurationPlatforms) = preSolution
		Debug|Any CPU = Debug|Any CPU
		Release|Any CPU = Release|Any CPU
	EndGlobalSection
	GlobalSection(ProjectConfigurationPlatforms) = postSolution
		{75D26DAA-767D-44BC-A68E-8CBEBFA3A104}.Debug|Any CPU.ActiveCfg = Debug|Any CPU
		{75D26DAA-767D-44BC-A68E-8CBEBFA3A104}.Debug|Any CPU.Build.0 = Debug|Any CPU
		{75D26DAA-767D-44BC-A68E-8CBEBFA3A104}.Release|Any CPU.ActiveCfg = Release|Any CPU
		{75D26DAA-767D-44BC-A68E-8CBEBFA3A104}.Release|Any CPU.Build.0 = Release|Any CPU
	EndGlobalSection
	GlobalSection(SolutionProperties) = preSolution
		HideSolutionNode = FALSE
	EndGlobalSection
	GlobalSection(ExtensibilityGlobals) = postSolution
		SolutionGuid = {67C48F27-3A58-407E-8BA2-2B2CC2CE6DAD}
	EndGlobalSection
EndGlobal
